github.com/cespare/xxhash/v2 v2.1.2 h1:YRXhKfTDauu4ajMg1TPgFO5jnlC2HCbmLXMcTG5cbYE=
github.com/cespare/xxhash/v2 v2.1.2/go.mod h1:VGX0DQ3Q6kWi7AoAeZDth3/j3BFtOZR5XLFGgcrjCOs=
github.com/creack/pty v1.1.9/go.mod h1:oKZEueFk5CKHvIhNR5MUki03XCEU+Q6VDXinZuGJ33E=
github.com/dgryski/go-rendezvous v0.0.0-20200823014737-9f7001d12a5f h1:lO4WD4F/rVNCu3HqELle0jiPLLBs70cWOduZpkS1E78=
github.com/dgryski/go-rendezvous v0.0.0-20200823014737-9f7001d12a5f/go.mod h1:cuUVRXasLTGF7a8hSLbxyZXjz+1KgoB3wDUb6vlszIc=
github.com/fsnotify/fsnotify v1.4.9 h1:hsms1Qyu0jgnwNXIxa+/V/PDsU6CfLf6CNO8H7IWoS4=
github.com/go-redis/redis/v8 v8.11.5 h1:AcZZR7igkdvfVmQTPnu9WE37LRrO/YrBH5zWyjDC0oI=
github.com/go-redis/redis/v8 v8.11.5/go.mod h1:gREzHqY1hg6oD9ngVRbLStwAWKhA0FEgq8Jd4h5lpwo=
github.com/go-yaml/yaml v2.1.0+incompatible h1:RYi2hDdss1u4YE7GwixGzWwVo47T8UQwnTLB6vQiq+o=
github.com/go-yaml/yaml v2.1.0+incompatible/go.mod h1:w2MrLa16VYP0jy6N7M5kHaCkaLENm+P+Tv+MfurjSw0=
github.com/go-zoox/chalk v1.0.1 h1:9s4i74InfcBosCexWixz3eh6DdBkl3McIcLkTI1HjTo=
github.com/go-zoox/chalk v1.0.1/go.mod h1:z5+qvE9nEJI5uT4px2tyoFa/xxkqf3CUo22KmXLKbNI=
github.com/go-zoox/core-utils v1.0.8 h1:FfsFWSVrknRFX+10sywnn0cwXqjoPPxOs8efSf+7DvA=
github.com/go-zoox/core-utils v1.0.8/go.mod h1:EknM3KLL6/kagL95wZbWE7mRRcYCG/fHqiJ/EH0ihAs=
github.com/go-zoox/crypto v1.0.3 h1:0Lyw4ouusKWevAsS2cb4LbhChstRQlTdsynKzvWxB14=
github.com/go-zoox/crypto v1.0.3/go.mod h1:HaWRg4tHZamqNyOnNoaK+Rw5eto+su66i8bMMP8UCBU=
github.com/go-zoox/datetime v1.0.4 h1:LIOfo7svKD9gpyaTxAM55t2EO+CFFFcXczqLSfM1sPo=
github.com/go-zoox/datetime v1.0.4/go.mod h1:os6lYW/GXNpCIseFrBr8DNcOiPuwl5Ttc/kxo4JnMjw=
github.com/go-zoox/dotenv v1.0.7 h1:Z1fXQiY0/gk6gQFaA9fAhdqBeqytp+Ob6RuLymfpxAM=
github.com/go-zoox/encoding v1.0.7 h1:vYo+rXx2QNexxSyomKHouwaKiXob7BTD4u12xTv4Mk8=
github.com/go-zoox/encoding v1.0.7/go.mod h1:h6ZgI27IaUSBq1ntaZjnSruPdRFuBLNUmfp57TaPxs4=
github.com/go-zoox/fs v1.2.4 h1:4XxqAF5VuF/AQphAFC7JG6W/3uUYUDurn8gTdS/zv8o=
github.com/go-zoox/fs v1.2.4/go.mod h1:aywpClMqf6YO8+QnuwC3p3EvFWe88h0tWH65rpxtY00=
github.com/go-zoox/jwt v1.0.0 h1:atywT77nPkkg2q/iOoGnV4/0XazR5IUif+CAbCUefmM=
github.com/go-zoox/jwt v1.0.0/go.mod h1:a6ANQHmSs+b9GJv5aad2cQLl8opFmP3hMOxZtgXRmis=
github.com/go-zoox/kv v1.4.2 h1:DwrTL8Y3XapWh/0Gve3Sqy2JWJW/pxaLaQQXxCthtLo=
github.com/go-zoox/kv v1.4.2/go.mod h1:dc3whoIvGrYmQA2wi6g6ZE0oOtRg+loxaJEj6bLKlJA=
github.com/go-zoox/logger v1.2.0 h1:az7iNfmaFiLw/GW2Q9Lw6rBzQrHd8Ev/Izk6Tu0lUsE=
github.com/go-zoox/logger v1.2.0/go.mod h1:mBImRV6zpbGtiIjDz/C9vWi80wWc2OTOl9N9P0SAJgk=
github.com/go-zoox/proxy v1.0.2 h1:eCH1TZ+aDkR7xn+1tWDEChF1VIx4zTwYc3IqhfJfTp4=
github.com/go-zoox/proxy v1.0.2/go.mod h1:8jl/hFN8nKNbFQ1xONKCk/6NjEGNMmPmEcOZ5mShtOg=
github.com/go-zoox/random v1.0.0 h1:SecY/LTpNUYuHzaH9Rm3yIHt5S9ayyE9q99ed2WKvxg=
github.com/go-zoox/random v1.0.0/go.mod h1:W+PTQiInxaCngiXpSvycucAKvu1tE/tKlZ9kaMp2/Ys=
github.com/go-zoox/tag v1.0.6 h1:z/u9LiD5ibfX3iBlYZ+GhHFK2VouDKvk8tiJDH1poXM=
github.com/go-zoox/tag v1.0.6/go.mod h1:jrbJgC1dZAN5+vZlmrUKu1/UpbOo0xVyCC1MfLpGGqk=
github.com/go-zoox/uuid v0.0.1 h1:txqmDavRTq68gzzqWfJQLorFyUp9a7M2lmq2KcwPGPA=
github.com/go-zoox/uuid v0.0.1/go.mod h1:0/F4LdfLqFdyqOf7aXoiYXRkXHU324JQ5DZEytXYBPM=
github.com/google/uuid v1.3.0 h1:t6JiXgmwXMjEs8VusXIJk2BXHsn+wx8BZdTaoZ5fu7I=
github.com/google/uuid v1.3.0/go.mod h1:TIyPZe4MgqvfeYDBFedMoGGpEw/LqOeaOT+nhxU+yHo=
github.com/gorilla/websocket v1.5.0 h1:PPwGk2jz7EePpoHN/+ClbZu8SPxiqlu12wZP/3sWmnc=
github.com/gorilla/websocket v1.5.0/go.mod h1:YR8l580nyteQvAITg2hZ9XVh4b55+EU/adAjf1fMHhE=
github.com/joho/godotenv v1.4.0 h1:3l4+N6zfMWnkbPEXKng2o2/MR5mSwTrBih4ZEkkz1lg=
github.com/kr/pretty v0.1.0/go.mod h1:dAy3ld7l9f0ibDNOQOHHMYYIIbhfbHSm3C4ZsoJORNo=
github.com/kr/pretty v0.3.0 h1:WgNl7dwNpEZ6jJ9k1snq4pZsg7DOEN8hP9Xw0Tsjwk0=
github.com/kr/pretty v0.3.0/go.mod h1:640gp4NfQd8pI5XOwp5fnNeVWj67G7CFk/SaSQn7NBk=
github.com/kr/pty v1.1.1/go.mod h1:pFQYn66WHrOpPYNljwOMqo10TkYh1fy3cYio2l3bCsQ=
github.com/kr/text v0.1.0/go.mod h1:4Jbv+DJW3UT/LiOwJeYQe1efqtUx/iVham/4vfdArNI=
github.com/kr/text v0.2.0 h1:5Nx0Ya0ZqY2ygV366QzturHI13Jq95ApcVaJBhpS+AY=
github.com/kr/text v0.2.0/go.mod h1:eLer722TekiGuMkidMxC/pM04lWEeraHUUmBw8l2grE=
github.com/mattn/go-sqlite3 v1.14.14 h1:qZgc/Rwetq+MtyE18WhzjokPD93dNqLGNT3QJuLvBGw=
github.com/mattn/go-sqlite3 v1.14.14/go.mod h1:NyWgC/yNuGj7Q9rpYnZvas74GogHl5/Z4A/KQRfk6bU=
github.com/nxadm/tail v1.4.8 h1:nPr65rt6Y5JFSKQO7qToXr7pePgD6Gwiw05lkbyAQTE=
github.com/onsi/ginkgo v1.16.5 h1:8xi0RTUf59SOSfEtZMvwTvXYMzG4gV23XVHOZiXNtnE=
github.com/onsi/gomega v1.18.1 h1:M1GfJqGRrBrrGGsbxzV5dqM2U2ApXefZCQpkukxYRLE=
github.com/pkg/errors v0.9.1 h1:FEBLx1zS214owpjy7qsBeixbURkuhQAwrK5UwLGTwt4=
github.com/pkg/errors v0.9.1/go.mod h1:bwawxfHBFNV+L2hUp1rHADufV3IMtnDRdf1r5NINEl0=
github.com/rogpeppe/go-internal v1.6.1 h1:/FiVV8dS/e+YqF2JvO3yXRFbBLTIuSDkuC7aBOAvL+k=
github.com/rogpeppe/go-internal v1.6.1/go.mod h1:xXDCJY+GAPziupqXw64V24skbSoqbTEfhy4qGm1nDQc=
golang.org/x/crypto v0.0.0-20220622213112-05595931fe9d h1:sK3txAijHtOK88l68nt020reeT1ZdKLIYetKl95FzVY=
golang.org/x/crypto v0.0.0-20220622213112-05595931fe9d/go.mod h1:IxCIyHEi3zRg3s0A5j5BB6A9Jmi73HwBIUl50j+osU4=
golang.org/x/net v0.0.0-20220225172249-27dd8689420f h1:oA4XRj0qtSt8Yo1Zms0CUlsT3KG69V2UGQWPBxujDmc=
golang.org/x/sys v0.0.0-20220704084225-05e143d24a9e h1:CsOuNlbOuf0mzxJIefr6Q4uAUetRUwZE4qt7VfzP+xo=
golang.org/x/sys v0.0.0-20220704084225-05e143d24a9e/go.mod h1:oPkhp1MJrh7nUepCBck5+mAzfO9JrbApNNgaTdGDITg=
golang.org/x/text v0.3.7 h1:olpwvP2KacW1ZWvsR7uQhoyTYvKAupfQrRGBFM352Gk=
gopkg.in/check.v1 v1.0.0-20180628173108-788fd7840127/go.mod h1:Co6ibVJAznAaIkqp8huTwlJQCZ016jof/cbN4VW5Yz0=
gopkg.in/check.v1 v1.0.0-20201130134442-10cb98267c6c h1:Hei/4ADfdWqJk1ZMxUNpqntNwaWcugrBjAiHlqqRiVk=
gopkg.in/errgo.v2 v2.1.0/go.mod h1:hNsd1EY+bozCKY1Ytp96fpM3vjJbqLJn88ws8XvfDNI=
gopkg.in/tomb.v1 v1.0.0-20141024135613-dd632973f1e7 h1:uRGJdciOHaEIrze2W8Q3AKkepLTh2hOroT7a+7czfdQ=
gopkg.in/yaml.v2 v2.4.0 h1:D8xgwECY7CYvx+Y2n4sBz93Jn9JRvxdiyyo8CTfuKaY=
